
Microsoft Visual Studio Solution File, Format Version 12.00
# Visual Studio Version 17
VisualStudioVersion = 17.6.33723.286
MinimumVisualStudioVersion = 10.0.40219.1
Project("{2150E333-8FDC-42A3-9474-1A3956D46DE8}") = "common", "common", "{ACFFAD52-B243-430F-88A4-F29827DA55B2}"
EndProject
Project("{9A19103F-16F7-4668-BE54-9A1E7A4F7556}") = "Modules", "common\Modules\Modules.csproj", "{533F51B4-A2F0-4D20-9F9E-E168EFC79903}"
EndProject
Project("{9A19103F-16F7-4668-BE54-9A1E7A4F7556}") = "Service.Rsu.Management", "Service.Rsu.Management\Service.Rsu.Management.csproj", "{F4097739-A985-4CB4-A7D3-98731BFF2F61}"
EndProject
Project("{9A19103F-16F7-4668-BE54-9A1E7A4F7556}") = "Module.Rsu", "Module.Rsu\Module.Rsu.csproj", "{081666A7-4979-47C4-9A8B-ACCB00ED793C}"
EndProject
Project("{9A19103F-16F7-4668-BE54-9A1E7A4F7556}") = "Models.Rsu", "Models.Rsu\Models.Rsu.csproj", "{66E8A921-E067-4AE5-80B3-9BA9C5BB6741}"
EndProject
Project("{9A19103F-16F7-4668-BE54-9A1E7A4F7556}") = "Repository.Rsu", "Repository.Rsu\Repository.Rsu.csproj", "{3DDE1CFA-37AD-4E6D-B84E-68CB24674792}"
EndProject
Project("{9A19103F-16F7-4668-BE54-9A1E7A4F7556}") = "Persistence.Common", "common\Persistence.Common\Persistence.Common.csproj", "{719AC638-810F-4DCE-BC6C-45F1AAD40DDE}"
EndProject
Project("{9A19103F-16F7-4668-BE54-9A1E7A4F7556}") = "Persistence.Mongo", "common\Persistence.Mongo\Persistence.Mongo.csproj", "{41A6F408-28FF-444D-B109-419E3A7824F5}"
EndProject
Project("{9A19103F-16F7-4668-BE54-9A1E7A4F7556}") = "Persistence.Common.Test", "common\Persistence.Common.Test\Persistence.Common.Test.csproj", "{53C73B46-B567-4763-8C7F-F2B307580D20}"
EndProject
Project("{9A19103F-16F7-4668-BE54-9A1E7A4F7556}") = "Persistence.Mongo.Test", "common\Persistence.Mongo.Test\Persistence.Mongo.Test.csproj", "{02C124EF-5B5F-4847-B934-0330078BD191}"
EndProject
Project("{9A19103F-16F7-4668-BE54-9A1E7A4F7556}") = "Models.Rsu.Tests", "Models.Rsu.Tests\Models.Rsu.Tests.csproj", "{BEFEB2F2-EA62-4FCC-8A4E-8B897797E439}"
EndProject
Project("{9A19103F-16F7-4668-BE54-9A1E7A4F7556}") = "Snmp.Rsu", "Snmp.Rsu\Snmp.Rsu.csproj", "{12A17DE1-34D4-42D6-A192-B4C1819F77AD}"
EndProject
Project("{9A19103F-16F7-4668-BE54-9A1E7A4F7556}") = "Scheduler.Base", "common\Scheduler.Base\Scheduler.Base.csproj", "{49D1E9ED-1D46-41E0-A592-446095E85805}"
EndProject
Project("{9A19103F-16F7-4668-BE54-9A1E7A4F7556}") = "Snmp.Rsu.Tests", "Snmp.Rsu.Tests\Snmp.Rsu.Tests.csproj", "{5BA4DFDA-F48F-4D81-9D08-12F783B89876}"
EndProject
Project("{9A19103F-16F7-4668-BE54-9A1E7A4F7556}") = "Messaging", "common\Messaging\Messaging.csproj", "{10F1C843-E270-453E-B460-9818EE8EC572}"
EndProject
Project("{9A19103F-16F7-4668-BE54-9A1E7A4F7556}") = "Configuration.Rsu", "Configuration.Rsu\Configuration.Rsu.csproj", "{4A054EC9-1B7C-4757-A8E7-4E7125AD5517}"
EndProject
Project("{9A19103F-16F7-4668-BE54-9A1E7A4F7556}") = "Configuration.Snmp.Rsu", "Configuration.Snmp.Rsu\Configuration.Snmp.Rsu.csproj", "{4815A866-17ED-4E83-B092-CB8F7BE658D3}"
EndProject
Project("{9A19103F-16F7-4668-BE54-9A1E7A4F7556}") = "Extensions", "common\Extensions\Extensions.csproj", "{33586F79-6EFA-4E73-90FD-4B5072C71C68}"
EndProject
Project("{9A19103F-16F7-4668-BE54-9A1E7A4F7556}") = "Domain.Rsu", "Domain.Rsu\Domain.Rsu.csproj", "{E2B72CEB-9838-4957-B7C4-4A2FB79F1B19}"
EndProject
Project("{2150E333-8FDC-42A3-9474-1A3956D46DE8}") = "asn1-j2735", "asn1-j2735", "{CC7898D3-75D9-4DC4-A1D5-9757A3706606}"
EndProject
Project("{9A19103F-16F7-4668-BE54-9A1E7A4F7556}") = "Asn1J2735", "asn1-j2735\Asn1J2735\Asn1J2735.csproj", "{F552B0E7-978A-4E78-BAF2-3C50FFBC6D8C}"
EndProject
Project("{9A19103F-16F7-4668-BE54-9A1E7A4F7556}") = "J2735.201603", "asn1-j2735\Econolite.J2735_201603\J2735.201603.csproj", "{1E5AD0C9-0C6A-4F92-AA32-11B8A6BDBF3A}"
EndProject
Project("{9A19103F-16F7-4668-BE54-9A1E7A4F7556}") = "Domain.Asn1.J2735", "asn1-j2735\Domain.Asn1.J2735\Domain.Asn1.J2735.csproj", "{E63847F7-34B1-47C0-8270-1C7E7ED8249F}"
EndProject
Project("{2150E333-8FDC-42A3-9474-1A3956D46DE8}") = "entities", "entities", "{39188522-EE2B-4B63-B277-16C4F110AE69}"
EndProject
Project("{9A19103F-16F7-4668-BE54-9A1E7A4F7556}") = "Domain.Entities", "entities\Domain.Entities\Domain.Entities.csproj", "{D1E62564-0F4C-4470-BFC3-0D0FBA008FBF}"
EndProject
Project("{9A19103F-16F7-4668-BE54-9A1E7A4F7556}") = "Models.Entities", "entities\Models.Entities\Models.Entities.csproj", "{2CA6D653-7DF5-40E1-97A4-1AE2870DE24C}"
EndProject
Project("{9A19103F-16F7-4668-BE54-9A1E7A4F7556}") = "Repository.Entities", "entities\Repository.Entities\Repository.Entities.csproj", "{FBC81E70-6302-4868-B50E-3A2C8AA0359B}"
EndProject
Project("{2150E333-8FDC-42A3-9474-1A3956D46DE8}") = "config", "config", "{BC2AC4B1-C057-4802-98B4-EC7AAFBE9F26}"
EndProject
Project("{9A19103F-16F7-4668-BE54-9A1E7A4F7556}") = "Config", "config\Config\Config.csproj", "{6E2104A0-A27E-45B2-8078-2BA8F7CAAA8F}"
EndProject
Project("{2150E333-8FDC-42A3-9474-1A3956D46DE8}") = "status", "status", "{3628383F-7543-4324-9C2C-20F93EDB484D}"
EndProject
Project("{9A19103F-16F7-4668-BE54-9A1E7A4F7556}") = "Status.Common", "status\Status.Common\Status.Common.csproj", "{EEDE0FFE-6934-4385-9F14-F652E714F957}"
EndProject
Project("{9A19103F-16F7-4668-BE54-9A1E7A4F7556}") = "Status.Common.Messaging", "status\Status.Common.Messaging\Status.Common.Messaging.csproj", "{C786BFF6-62D3-4A68-9FB9-C4F4722DF27D}"
EndProject
Project("{9A19103F-16F7-4668-BE54-9A1E7A4F7556}") = "Status.Rsu", "status\Status.Rsu\Status.Rsu.csproj", "{C1E7E350-9056-4497-8D6C-36B0FCF451DE}"
EndProject
Project("{9A19103F-16F7-4668-BE54-9A1E7A4F7556}") = "Status.Rsu.Messaging", "status\Status.Rsu.Messaging\Status.Rsu.Messaging.csproj", "{94D044A6-C2B9-4C67-A7C8-7583538460F3}"
EndProject
Project("{9A19103F-16F7-4668-BE54-9A1E7A4F7556}") = "Api.Status.Rsu", "Api.Status.Rsu\Api.Status.Rsu.csproj", "{264CCF2F-E7C6-4E3B-8211-5BD7EC9AAF99}"
EndProject
Project("{9A19103F-16F7-4668-BE54-9A1E7A4F7556}") = "Authorization", "common\Authorization\Authorization.csproj", "{BF82D8A7-D060-4B57-A38F-A25E9C127082}"
EndProject
Project("{9A19103F-16F7-4668-BE54-9A1E7A4F7556}") = "Service.Rsu.Status", "Status.Rsu\Service.Rsu.Status.csproj", "{F9681846-8B74-4AA7-83DE-AF2FB1373BE1}"
EndProject
Project("{9A19103F-16F7-4668-BE54-9A1E7A4F7556}") = "Monitoring", "common\Monitoring\Monitoring.csproj", "{67DAD1BA-14E7-4C33-B8A6-0FDD31EABCA8}"
EndProject
Project("{9A19103F-16F7-4668-BE54-9A1E7A4F7556}") = "Monitoring.AspNet", "common\Monitoring.AspNet\Monitoring.AspNet.csproj", "{00A83B7B-93E7-4BE2-90BF-6E6B7C4960DB}"
EndProject
Project("{FAE04EC0-301F-11D3-BF4B-00C04F79EFBC}") = "Commands.Rsu.Messaging", "Commands.Rsu.Messaging\Commands.Rsu.Messaging.csproj", "{5B6B3BD2-7EFE-4B8A-8657-8B944EB279F2}"
EndProject
Global
	GlobalSection(SolutionConfigurationPlatforms) = preSolution
		Debug|Any CPU = Debug|Any CPU
		Release|Any CPU = Release|Any CPU
	EndGlobalSection
	GlobalSection(ProjectConfigurationPlatforms) = postSolution
		{533F51B4-A2F0-4D20-9F9E-E168EFC79903}.Debug|Any CPU.ActiveCfg = Debug|Any CPU
		{533F51B4-A2F0-4D20-9F9E-E168EFC79903}.Debug|Any CPU.Build.0 = Debug|Any CPU
		{533F51B4-A2F0-4D20-9F9E-E168EFC79903}.Release|Any CPU.ActiveCfg = Release|Any CPU
		{533F51B4-A2F0-4D20-9F9E-E168EFC79903}.Release|Any CPU.Build.0 = Release|Any CPU
		{F4097739-A985-4CB4-A7D3-98731BFF2F61}.Debug|Any CPU.ActiveCfg = Debug|Any CPU
		{F4097739-A985-4CB4-A7D3-98731BFF2F61}.Debug|Any CPU.Build.0 = Debug|Any CPU
		{F4097739-A985-4CB4-A7D3-98731BFF2F61}.Release|Any CPU.ActiveCfg = Release|Any CPU
		{F4097739-A985-4CB4-A7D3-98731BFF2F61}.Release|Any CPU.Build.0 = Release|Any CPU
		{081666A7-4979-47C4-9A8B-ACCB00ED793C}.Debug|Any CPU.ActiveCfg = Debug|Any CPU
		{081666A7-4979-47C4-9A8B-ACCB00ED793C}.Debug|Any CPU.Build.0 = Debug|Any CPU
		{081666A7-4979-47C4-9A8B-ACCB00ED793C}.Release|Any CPU.ActiveCfg = Release|Any CPU
		{081666A7-4979-47C4-9A8B-ACCB00ED793C}.Release|Any CPU.Build.0 = Release|Any CPU
		{66E8A921-E067-4AE5-80B3-9BA9C5BB6741}.Debug|Any CPU.ActiveCfg = Debug|Any CPU
		{66E8A921-E067-4AE5-80B3-9BA9C5BB6741}.Debug|Any CPU.Build.0 = Debug|Any CPU
		{66E8A921-E067-4AE5-80B3-9BA9C5BB6741}.Release|Any CPU.ActiveCfg = Release|Any CPU
		{66E8A921-E067-4AE5-80B3-9BA9C5BB6741}.Release|Any CPU.Build.0 = Release|Any CPU
		{3DDE1CFA-37AD-4E6D-B84E-68CB24674792}.Debug|Any CPU.ActiveCfg = Debug|Any CPU
		{3DDE1CFA-37AD-4E6D-B84E-68CB24674792}.Debug|Any CPU.Build.0 = Debug|Any CPU
		{3DDE1CFA-37AD-4E6D-B84E-68CB24674792}.Release|Any CPU.ActiveCfg = Release|Any CPU
		{3DDE1CFA-37AD-4E6D-B84E-68CB24674792}.Release|Any CPU.Build.0 = Release|Any CPU
		{719AC638-810F-4DCE-BC6C-45F1AAD40DDE}.Debug|Any CPU.ActiveCfg = Debug|Any CPU
		{719AC638-810F-4DCE-BC6C-45F1AAD40DDE}.Debug|Any CPU.Build.0 = Debug|Any CPU
		{719AC638-810F-4DCE-BC6C-45F1AAD40DDE}.Release|Any CPU.ActiveCfg = Release|Any CPU
		{719AC638-810F-4DCE-BC6C-45F1AAD40DDE}.Release|Any CPU.Build.0 = Release|Any CPU
		{41A6F408-28FF-444D-B109-419E3A7824F5}.Debug|Any CPU.ActiveCfg = Debug|Any CPU
		{41A6F408-28FF-444D-B109-419E3A7824F5}.Debug|Any CPU.Build.0 = Debug|Any CPU
		{41A6F408-28FF-444D-B109-419E3A7824F5}.Release|Any CPU.ActiveCfg = Release|Any CPU
		{41A6F408-28FF-444D-B109-419E3A7824F5}.Release|Any CPU.Build.0 = Release|Any CPU
		{53C73B46-B567-4763-8C7F-F2B307580D20}.Debug|Any CPU.ActiveCfg = Debug|Any CPU
		{53C73B46-B567-4763-8C7F-F2B307580D20}.Debug|Any CPU.Build.0 = Debug|Any CPU
		{53C73B46-B567-4763-8C7F-F2B307580D20}.Release|Any CPU.ActiveCfg = Release|Any CPU
		{53C73B46-B567-4763-8C7F-F2B307580D20}.Release|Any CPU.Build.0 = Release|Any CPU
		{02C124EF-5B5F-4847-B934-0330078BD191}.Debug|Any CPU.ActiveCfg = Debug|Any CPU
		{02C124EF-5B5F-4847-B934-0330078BD191}.Debug|Any CPU.Build.0 = Debug|Any CPU
		{02C124EF-5B5F-4847-B934-0330078BD191}.Release|Any CPU.ActiveCfg = Release|Any CPU
		{02C124EF-5B5F-4847-B934-0330078BD191}.Release|Any CPU.Build.0 = Release|Any CPU
		{BEFEB2F2-EA62-4FCC-8A4E-8B897797E439}.Debug|Any CPU.ActiveCfg = Debug|Any CPU
		{BEFEB2F2-EA62-4FCC-8A4E-8B897797E439}.Debug|Any CPU.Build.0 = Debug|Any CPU
		{BEFEB2F2-EA62-4FCC-8A4E-8B897797E439}.Release|Any CPU.ActiveCfg = Release|Any CPU
		{BEFEB2F2-EA62-4FCC-8A4E-8B897797E439}.Release|Any CPU.Build.0 = Release|Any CPU
		{12A17DE1-34D4-42D6-A192-B4C1819F77AD}.Debug|Any CPU.ActiveCfg = Debug|Any CPU
		{12A17DE1-34D4-42D6-A192-B4C1819F77AD}.Debug|Any CPU.Build.0 = Debug|Any CPU
		{12A17DE1-34D4-42D6-A192-B4C1819F77AD}.Release|Any CPU.ActiveCfg = Release|Any CPU
		{12A17DE1-34D4-42D6-A192-B4C1819F77AD}.Release|Any CPU.Build.0 = Release|Any CPU
		{49D1E9ED-1D46-41E0-A592-446095E85805}.Debug|Any CPU.ActiveCfg = Debug|Any CPU
		{49D1E9ED-1D46-41E0-A592-446095E85805}.Debug|Any CPU.Build.0 = Debug|Any CPU
		{49D1E9ED-1D46-41E0-A592-446095E85805}.Release|Any CPU.ActiveCfg = Release|Any CPU
		{49D1E9ED-1D46-41E0-A592-446095E85805}.Release|Any CPU.Build.0 = Release|Any CPU
		{5BA4DFDA-F48F-4D81-9D08-12F783B89876}.Debug|Any CPU.ActiveCfg = Debug|Any CPU
		{5BA4DFDA-F48F-4D81-9D08-12F783B89876}.Debug|Any CPU.Build.0 = Debug|Any CPU
		{5BA4DFDA-F48F-4D81-9D08-12F783B89876}.Release|Any CPU.ActiveCfg = Release|Any CPU
		{5BA4DFDA-F48F-4D81-9D08-12F783B89876}.Release|Any CPU.Build.0 = Release|Any CPU
		{10F1C843-E270-453E-B460-9818EE8EC572}.Debug|Any CPU.ActiveCfg = Debug|Any CPU
		{10F1C843-E270-453E-B460-9818EE8EC572}.Debug|Any CPU.Build.0 = Debug|Any CPU
		{10F1C843-E270-453E-B460-9818EE8EC572}.Release|Any CPU.ActiveCfg = Release|Any CPU
		{10F1C843-E270-453E-B460-9818EE8EC572}.Release|Any CPU.Build.0 = Release|Any CPU
		{4A054EC9-1B7C-4757-A8E7-4E7125AD5517}.Debug|Any CPU.ActiveCfg = Debug|Any CPU
		{4A054EC9-1B7C-4757-A8E7-4E7125AD5517}.Debug|Any CPU.Build.0 = Debug|Any CPU
		{4A054EC9-1B7C-4757-A8E7-4E7125AD5517}.Release|Any CPU.ActiveCfg = Release|Any CPU
		{4A054EC9-1B7C-4757-A8E7-4E7125AD5517}.Release|Any CPU.Build.0 = Release|Any CPU
		{4815A866-17ED-4E83-B092-CB8F7BE658D3}.Debug|Any CPU.ActiveCfg = Debug|Any CPU
		{4815A866-17ED-4E83-B092-CB8F7BE658D3}.Debug|Any CPU.Build.0 = Debug|Any CPU
		{4815A866-17ED-4E83-B092-CB8F7BE658D3}.Release|Any CPU.ActiveCfg = Release|Any CPU
		{4815A866-17ED-4E83-B092-CB8F7BE658D3}.Release|Any CPU.Build.0 = Release|Any CPU
		{33586F79-6EFA-4E73-90FD-4B5072C71C68}.Debug|Any CPU.ActiveCfg = Debug|Any CPU
		{33586F79-6EFA-4E73-90FD-4B5072C71C68}.Debug|Any CPU.Build.0 = Debug|Any CPU
		{33586F79-6EFA-4E73-90FD-4B5072C71C68}.Release|Any CPU.ActiveCfg = Release|Any CPU
		{33586F79-6EFA-4E73-90FD-4B5072C71C68}.Release|Any CPU.Build.0 = Release|Any CPU
		{E2B72CEB-9838-4957-B7C4-4A2FB79F1B19}.Debug|Any CPU.ActiveCfg = Debug|Any CPU
		{E2B72CEB-9838-4957-B7C4-4A2FB79F1B19}.Debug|Any CPU.Build.0 = Debug|Any CPU
		{E2B72CEB-9838-4957-B7C4-4A2FB79F1B19}.Release|Any CPU.ActiveCfg = Release|Any CPU
		{E2B72CEB-9838-4957-B7C4-4A2FB79F1B19}.Release|Any CPU.Build.0 = Release|Any CPU
		{F552B0E7-978A-4E78-BAF2-3C50FFBC6D8C}.Debug|Any CPU.ActiveCfg = Debug|Any CPU
		{F552B0E7-978A-4E78-BAF2-3C50FFBC6D8C}.Debug|Any CPU.Build.0 = Debug|Any CPU
		{F552B0E7-978A-4E78-BAF2-3C50FFBC6D8C}.Release|Any CPU.ActiveCfg = Release|Any CPU
		{F552B0E7-978A-4E78-BAF2-3C50FFBC6D8C}.Release|Any CPU.Build.0 = Release|Any CPU
		{1E5AD0C9-0C6A-4F92-AA32-11B8A6BDBF3A}.Debug|Any CPU.ActiveCfg = Debug|Any CPU
		{1E5AD0C9-0C6A-4F92-AA32-11B8A6BDBF3A}.Debug|Any CPU.Build.0 = Debug|Any CPU
		{1E5AD0C9-0C6A-4F92-AA32-11B8A6BDBF3A}.Release|Any CPU.ActiveCfg = Release|Any CPU
		{1E5AD0C9-0C6A-4F92-AA32-11B8A6BDBF3A}.Release|Any CPU.Build.0 = Release|Any CPU
		{E63847F7-34B1-47C0-8270-1C7E7ED8249F}.Debug|Any CPU.ActiveCfg = Debug|Any CPU
		{E63847F7-34B1-47C0-8270-1C7E7ED8249F}.Debug|Any CPU.Build.0 = Debug|Any CPU
		{E63847F7-34B1-47C0-8270-1C7E7ED8249F}.Release|Any CPU.ActiveCfg = Release|Any CPU
		{E63847F7-34B1-47C0-8270-1C7E7ED8249F}.Release|Any CPU.Build.0 = Release|Any CPU
		{D1E62564-0F4C-4470-BFC3-0D0FBA008FBF}.Debug|Any CPU.ActiveCfg = Debug|Any CPU
		{D1E62564-0F4C-4470-BFC3-0D0FBA008FBF}.Debug|Any CPU.Build.0 = Debug|Any CPU
		{D1E62564-0F4C-4470-BFC3-0D0FBA008FBF}.Release|Any CPU.ActiveCfg = Release|Any CPU
		{D1E62564-0F4C-4470-BFC3-0D0FBA008FBF}.Release|Any CPU.Build.0 = Release|Any CPU
		{2CA6D653-7DF5-40E1-97A4-1AE2870DE24C}.Debug|Any CPU.ActiveCfg = Debug|Any CPU
		{2CA6D653-7DF5-40E1-97A4-1AE2870DE24C}.Debug|Any CPU.Build.0 = Debug|Any CPU
		{2CA6D653-7DF5-40E1-97A4-1AE2870DE24C}.Release|Any CPU.ActiveCfg = Release|Any CPU
		{2CA6D653-7DF5-40E1-97A4-1AE2870DE24C}.Release|Any CPU.Build.0 = Release|Any CPU
		{FBC81E70-6302-4868-B50E-3A2C8AA0359B}.Debug|Any CPU.ActiveCfg = Debug|Any CPU
		{FBC81E70-6302-4868-B50E-3A2C8AA0359B}.Debug|Any CPU.Build.0 = Debug|Any CPU
		{FBC81E70-6302-4868-B50E-3A2C8AA0359B}.Release|Any CPU.ActiveCfg = Release|Any CPU
		{FBC81E70-6302-4868-B50E-3A2C8AA0359B}.Release|Any CPU.Build.0 = Release|Any CPU
		{6E2104A0-A27E-45B2-8078-2BA8F7CAAA8F}.Debug|Any CPU.ActiveCfg = Debug|Any CPU
		{6E2104A0-A27E-45B2-8078-2BA8F7CAAA8F}.Debug|Any CPU.Build.0 = Debug|Any CPU
		{6E2104A0-A27E-45B2-8078-2BA8F7CAAA8F}.Release|Any CPU.ActiveCfg = Release|Any CPU
		{6E2104A0-A27E-45B2-8078-2BA8F7CAAA8F}.Release|Any CPU.Build.0 = Release|Any CPU
		{EEDE0FFE-6934-4385-9F14-F652E714F957}.Debug|Any CPU.ActiveCfg = Debug|Any CPU
		{EEDE0FFE-6934-4385-9F14-F652E714F957}.Debug|Any CPU.Build.0 = Debug|Any CPU
		{EEDE0FFE-6934-4385-9F14-F652E714F957}.Release|Any CPU.ActiveCfg = Release|Any CPU
		{EEDE0FFE-6934-4385-9F14-F652E714F957}.Release|Any CPU.Build.0 = Release|Any CPU
		{C786BFF6-62D3-4A68-9FB9-C4F4722DF27D}.Debug|Any CPU.ActiveCfg = Debug|Any CPU
		{C786BFF6-62D3-4A68-9FB9-C4F4722DF27D}.Debug|Any CPU.Build.0 = Debug|Any CPU
		{C786BFF6-62D3-4A68-9FB9-C4F4722DF27D}.Release|Any CPU.ActiveCfg = Release|Any CPU
		{C786BFF6-62D3-4A68-9FB9-C4F4722DF27D}.Release|Any CPU.Build.0 = Release|Any CPU
		{C1E7E350-9056-4497-8D6C-36B0FCF451DE}.Debug|Any CPU.ActiveCfg = Debug|Any CPU
		{C1E7E350-9056-4497-8D6C-36B0FCF451DE}.Debug|Any CPU.Build.0 = Debug|Any CPU
		{C1E7E350-9056-4497-8D6C-36B0FCF451DE}.Release|Any CPU.ActiveCfg = Release|Any CPU
		{C1E7E350-9056-4497-8D6C-36B0FCF451DE}.Release|Any CPU.Build.0 = Release|Any CPU
		{94D044A6-C2B9-4C67-A7C8-7583538460F3}.Debug|Any CPU.ActiveCfg = Debug|Any CPU
		{94D044A6-C2B9-4C67-A7C8-7583538460F3}.Debug|Any CPU.Build.0 = Debug|Any CPU
		{94D044A6-C2B9-4C67-A7C8-7583538460F3}.Release|Any CPU.ActiveCfg = Release|Any CPU
		{94D044A6-C2B9-4C67-A7C8-7583538460F3}.Release|Any CPU.Build.0 = Release|Any CPU
		{264CCF2F-E7C6-4E3B-8211-5BD7EC9AAF99}.Debug|Any CPU.ActiveCfg = Debug|Any CPU
		{264CCF2F-E7C6-4E3B-8211-5BD7EC9AAF99}.Debug|Any CPU.Build.0 = Debug|Any CPU
		{264CCF2F-E7C6-4E3B-8211-5BD7EC9AAF99}.Release|Any CPU.ActiveCfg = Release|Any CPU
		{264CCF2F-E7C6-4E3B-8211-5BD7EC9AAF99}.Release|Any CPU.Build.0 = Release|Any CPU
		{BF82D8A7-D060-4B57-A38F-A25E9C127082}.Debug|Any CPU.ActiveCfg = Debug|Any CPU
		{BF82D8A7-D060-4B57-A38F-A25E9C127082}.Debug|Any CPU.Build.0 = Debug|Any CPU
		{BF82D8A7-D060-4B57-A38F-A25E9C127082}.Release|Any CPU.ActiveCfg = Release|Any CPU
		{BF82D8A7-D060-4B57-A38F-A25E9C127082}.Release|Any CPU.Build.0 = Release|Any CPU
		{F9681846-8B74-4AA7-83DE-AF2FB1373BE1}.Debug|Any CPU.ActiveCfg = Debug|Any CPU
		{F9681846-8B74-4AA7-83DE-AF2FB1373BE1}.Debug|Any CPU.Build.0 = Debug|Any CPU
		{F9681846-8B74-4AA7-83DE-AF2FB1373BE1}.Release|Any CPU.ActiveCfg = Release|Any CPU
		{F9681846-8B74-4AA7-83DE-AF2FB1373BE1}.Release|Any CPU.Build.0 = Release|Any CPU
		{67DAD1BA-14E7-4C33-B8A6-0FDD31EABCA8}.Debug|Any CPU.ActiveCfg = Debug|Any CPU
		{67DAD1BA-14E7-4C33-B8A6-0FDD31EABCA8}.Debug|Any CPU.Build.0 = Debug|Any CPU
		{67DAD1BA-14E7-4C33-B8A6-0FDD31EABCA8}.Release|Any CPU.ActiveCfg = Release|Any CPU
		{67DAD1BA-14E7-4C33-B8A6-0FDD31EABCA8}.Release|Any CPU.Build.0 = Release|Any CPU
		{00A83B7B-93E7-4BE2-90BF-6E6B7C4960DB}.Debug|Any CPU.ActiveCfg = Debug|Any CPU
		{00A83B7B-93E7-4BE2-90BF-6E6B7C4960DB}.Debug|Any CPU.Build.0 = Debug|Any CPU
		{00A83B7B-93E7-4BE2-90BF-6E6B7C4960DB}.Release|Any CPU.ActiveCfg = Release|Any CPU
		{00A83B7B-93E7-4BE2-90BF-6E6B7C4960DB}.Release|Any CPU.Build.0 = Release|Any CPU
		{5B6B3BD2-7EFE-4B8A-8657-8B944EB279F2}.Debug|Any CPU.ActiveCfg = Debug|Any CPU
		{5B6B3BD2-7EFE-4B8A-8657-8B944EB279F2}.Debug|Any CPU.Build.0 = Debug|Any CPU
		{5B6B3BD2-7EFE-4B8A-8657-8B944EB279F2}.Release|Any CPU.ActiveCfg = Release|Any CPU
		{5B6B3BD2-7EFE-4B8A-8657-8B944EB279F2}.Release|Any CPU.Build.0 = Release|Any CPU
	EndGlobalSection
	GlobalSection(SolutionProperties) = preSolution
		HideSolutionNode = FALSE
	EndGlobalSection
	GlobalSection(NestedProjects) = preSolution
		{533F51B4-A2F0-4D20-9F9E-E168EFC79903} = {ACFFAD52-B243-430F-88A4-F29827DA55B2}
		{719AC638-810F-4DCE-BC6C-45F1AAD40DDE} = {ACFFAD52-B243-430F-88A4-F29827DA55B2}
		{41A6F408-28FF-444D-B109-419E3A7824F5} = {ACFFAD52-B243-430F-88A4-F29827DA55B2}
		{53C73B46-B567-4763-8C7F-F2B307580D20} = {ACFFAD52-B243-430F-88A4-F29827DA55B2}
		{02C124EF-5B5F-4847-B934-0330078BD191} = {ACFFAD52-B243-430F-88A4-F29827DA55B2}
		{49D1E9ED-1D46-41E0-A592-446095E85805} = {ACFFAD52-B243-430F-88A4-F29827DA55B2}
		{10F1C843-E270-453E-B460-9818EE8EC572} = {ACFFAD52-B243-430F-88A4-F29827DA55B2}
		{33586F79-6EFA-4E73-90FD-4B5072C71C68} = {ACFFAD52-B243-430F-88A4-F29827DA55B2}
		{F552B0E7-978A-4E78-BAF2-3C50FFBC6D8C} = {CC7898D3-75D9-4DC4-A1D5-9757A3706606}
		{1E5AD0C9-0C6A-4F92-AA32-11B8A6BDBF3A} = {CC7898D3-75D9-4DC4-A1D5-9757A3706606}
		{E63847F7-34B1-47C0-8270-1C7E7ED8249F} = {CC7898D3-75D9-4DC4-A1D5-9757A3706606}
		{D1E62564-0F4C-4470-BFC3-0D0FBA008FBF} = {39188522-EE2B-4B63-B277-16C4F110AE69}
		{2CA6D653-7DF5-40E1-97A4-1AE2870DE24C} = {39188522-EE2B-4B63-B277-16C4F110AE69}
		{FBC81E70-6302-4868-B50E-3A2C8AA0359B} = {39188522-EE2B-4B63-B277-16C4F110AE69}
		{6E2104A0-A27E-45B2-8078-2BA8F7CAAA8F} = {BC2AC4B1-C057-4802-98B4-EC7AAFBE9F26}
		{EEDE0FFE-6934-4385-9F14-F652E714F957} = {3628383F-7543-4324-9C2C-20F93EDB484D}
		{C786BFF6-62D3-4A68-9FB9-C4F4722DF27D} = {3628383F-7543-4324-9C2C-20F93EDB484D}
		{C1E7E350-9056-4497-8D6C-36B0FCF451DE} = {3628383F-7543-4324-9C2C-20F93EDB484D}
		{94D044A6-C2B9-4C67-A7C8-7583538460F3} = {3628383F-7543-4324-9C2C-20F93EDB484D}
		{BF82D8A7-D060-4B57-A38F-A25E9C127082} = {ACFFAD52-B243-430F-88A4-F29827DA55B2}
		{67DAD1BA-14E7-4C33-B8A6-0FDD31EABCA8} = {ACFFAD52-B243-430F-88A4-F29827DA55B2}
		{00A83B7B-93E7-4BE2-90BF-6E6B7C4960DB} = {ACFFAD52-B243-430F-88A4-F29827DA55B2}
	EndGlobalSection
	GlobalSection(ExtensibilityGlobals) = postSolution
		SolutionGuid = {7AD16620-1530-4DF8-A73C-9BAE3AD48118}
	EndGlobalSection
EndGlobal
